{
  "name": "qenterra-design-system-private",
  "version": "5.4.0",
  "lockfileVersion": 3,
  "requires": true,
  "packages": {
    "": {
      "name": "qenterra-design-system-private",
      "version": "5.4.0",
      "workspaces": [
        "packages/npm/design-tokens"
      ]
    },
    "packages/npm/design-tokens": {
      "name": "@qenterra/design-tokens",
      "version": "5.4.0",
      "license": "Apache-2.0"
    },
    "node_modules/@qenterra/design-tokens": {
      "resolved": "packages/npm/design-tokens",
      "link": true
    }
  }
}
